{
  "nodes": {
    "nix-systems": {
      "locked": {
        "lastModified": 1681028828,
        "narHash": "sha256-Vy1rq5AaRuLzOxct8nz4T6wlgyUR7zLU309k9mBC768=",
        "owner": "nix-systems",
        "repo": "default",
        "rev": "da67096a3b9bf56a91d16901293e51ba5b49a27e",
        "type": "github"
      },
      "original": {
        "owner": "nix-systems",
        "repo": "default",
        "type": "github"
      }
    },
    "nixpkgs": {
      "locked": {
        "lastModified": 1745332728,
        "narHash": "sha256-bkZBSXLYLuO08axj6Deug4h3gLEu5kZmCbEJp8lWx1Q=",
        "owner": "nixos",
        "repo": "nixpkgs",
        "rev": "2110ff3288c8ef11f7013ca01ca957fbcd1041d3",
        "type": "github"
      },
      "original": {
        "owner": "nixos",
        "repo": "nixpkgs",
        "type": "github"
      }
    },
    "root": {
      "inputs": {
        "utils": "utils"
      }
    },
    "utils": {
      "inputs": {
        "nix-systems": "nix-systems",
        "nixpkgs": "nixpkgs"
      },
      "locked": {
        "lastModified": 1745333854,
        "narHash": "sha256-qyJ7zddJItkVwNZmD3VfBtBzFjDB59zTqgqpVAj4wio=",
        "owner": "NewDawn0",
        "repo": "nixUtils",
        "rev": "9b2eec753a11a653574df321fa3ce67c2e89b3c6",
        "type": "github"
      },
      "original": {
        "owner": "NewDawn0",
        "repo": "nixUtils",
        "type": "github"
      }
    }
  },
  "root": "root",
  "version": 7
}
