{
  "nodes": {
    "nix-systems": {
      "locked": {
        "lastModified": 1681028828,
        "narHash": "sha256-Vy1rq5AaRuLzOxct8nz4T6wlgyUR7zLU309k9mBC768=",
        "owner": "nix-systems",
        "repo": "default",
        "rev": "da67096a3b9bf56a91d16901293e51ba5b49a27e",
        "type": "github"
      },
      "original": {
        "owner": "nix-systems",
        "repo": "default",
        "type": "github"
      }
    },
    "nixpkgs": {
      "locked": {
        "lastModified": 1745160573,
        "narHash": "sha256-xIyGj4ZhfI8MhOLaLpiXxrW1oRPs8hFPTpDHNcVTwDk=",
        "owner": "nixos",
        "repo": "nixpkgs",
        "rev": "2f36571c4a17ef3c711d1c50c96b586095fc8e44",
        "type": "github"
      },
      "original": {
        "owner": "nixos",
        "repo": "nixpkgs",
        "type": "github"
      }
    },
    "root": {
      "inputs": {
        "utils": "utils"
      }
    },
    "utils": {
      "inputs": {
        "nix-systems": "nix-systems",
        "nixpkgs": "nixpkgs"
      },
      "locked": {
        "lastModified": 1745160929,
        "narHash": "sha256-QtI9lAlrAWqaOL2PXyFJZEjnXmipRWnh9KMmaQi0L/U=",
        "owner": "NewDawn0",
        "repo": "nixUtils",
        "rev": "237ca49f3680287421b92801b868426d361bbdfc",
        "type": "github"
      },
      "original": {
        "owner": "NewDawn0",
        "repo": "nixUtils",
        "type": "github"
      }
    }
  },
  "root": "root",
  "version": 7
}
